
Microsoft Visual Studio Solution File, Format Version 12.00
# Visual Studio Version 17
VisualStudioVersion = 17.5.002.0
MinimumVisualStudioVersion = 10.0.40219.1
Project("{9A19103F-16F7-4668-BE54-9A1E7A4F7556}") = "EvaluationService", "EvaluationService.csproj", "{45A22740-0D39-414C-B50F-61D30190F82C}"
EndProject
Global
	GlobalSection(SolutionConfigurationPlatforms) = preSolution
		Debug|Any CPU = Debug|Any CPU
		Release|Any CPU = Release|Any CPU
	EndGlobalSection
	GlobalSection(ProjectConfigurationPlatforms) = postSolution
		{45A22740-0D39-414C-B50F-61D30190F82C}.Debug|Any CPU.ActiveCfg = Debug|Any CPU
		{45A22740-0D39-414C-B50F-61D30190F82C}.Debug|Any CPU.Build.0 = Debug|Any CPU
		{45A22740-0D39-414C-B50F-61D30190F82C}.Release|Any CPU.ActiveCfg = Release|Any CPU
		{45A22740-0D39-414C-B50F-61D30190F82C}.Release|Any CPU.Build.0 = Release|Any CPU
	EndGlobalSection
	GlobalSection(SolutionProperties) = preSolution
		HideSolutionNode = FALSE
	EndGlobalSection
	GlobalSection(ExtensibilityGlobals) = postSolution
		SolutionGuid = {4816A7C0-92B1-40BD-A893-99FBBD30381B}
	EndGlobalSection
EndGlobal
