
Microsoft Visual Studio Solution File, Format Version 12.00
# Visual Studio Version 17
VisualStudioVersion = 17.5.002.0
MinimumVisualStudioVersion = 10.0.40219.1
Project("{9A19103F-16F7-4668-BE54-9A1E7A4F7556}") = "ExcelTransformation", "ExcelTransformation.csproj", "{09230FD7-2FAF-4DFC-BF54-40C570002E53}"
EndProject
Global
	GlobalSection(SolutionConfigurationPlatforms) = preSolution
		Debug|Any CPU = Debug|Any CPU
		Release|Any CPU = Release|Any CPU
	EndGlobalSection
	GlobalSection(ProjectConfigurationPlatforms) = postSolution
		{09230FD7-2FAF-4DFC-BF54-40C570002E53}.Debug|Any CPU.ActiveCfg = Debug|Any CPU
		{09230FD7-2FAF-4DFC-BF54-40C570002E53}.Debug|Any CPU.Build.0 = Debug|Any CPU
		{09230FD7-2FAF-4DFC-BF54-40C570002E53}.Release|Any CPU.ActiveCfg = Release|Any CPU
		{09230FD7-2FAF-4DFC-BF54-40C570002E53}.Release|Any CPU.Build.0 = Release|Any CPU
	EndGlobalSection
	GlobalSection(SolutionProperties) = preSolution
		HideSolutionNode = FALSE
	EndGlobalSection
	GlobalSection(ExtensibilityGlobals) = postSolution
		SolutionGuid = {84E0970C-D822-43DB-8AA2-CB53E6BB934D}
	EndGlobalSection
EndGlobal
