
Microsoft Visual Studio Solution File, Format Version 12.00
# Visual Studio Version 17
VisualStudioVersion = 17.5.002.0
MinimumVisualStudioVersion = 10.0.40219.1
Project("{9A19103F-16F7-4668-BE54-9A1E7A4F7556}") = "CommonModels", "CommonModels.csproj", "{D27F7748-104D-4157-B220-3453F36B01BD}"
EndProject
Global
	GlobalSection(SolutionConfigurationPlatforms) = preSolution
		Debug|Any CPU = Debug|Any CPU
		Release|Any CPU = Release|Any CPU
	EndGlobalSection
	GlobalSection(ProjectConfigurationPlatforms) = postSolution
		{D27F7748-104D-4157-B220-3453F36B01BD}.Debug|Any CPU.ActiveCfg = Debug|Any CPU
		{D27F7748-104D-4157-B220-3453F36B01BD}.Debug|Any CPU.Build.0 = Debug|Any CPU
		{D27F7748-104D-4157-B220-3453F36B01BD}.Release|Any CPU.ActiveCfg = Release|Any CPU
		{D27F7748-104D-4157-B220-3453F36B01BD}.Release|Any CPU.Build.0 = Release|Any CPU
	EndGlobalSection
	GlobalSection(SolutionProperties) = preSolution
		HideSolutionNode = FALSE
	EndGlobalSection
	GlobalSection(ExtensibilityGlobals) = postSolution
		SolutionGuid = {02EE1F99-E686-4001-B7D1-3FA0F090C225}
	EndGlobalSection
EndGlobal
